
Microsoft Visual Studio Solution File, Format Version 12.00
# Visual Studio Version 17
VisualStudioVersion = 17.3.32901.215
MinimumVisualStudioVersion = 10.0.40219.1
Project("{FAE04EC0-301F-11D3-BF4B-00C04F79EFBC}") = "Proyecto Panadería", "Proyecto Panadería.csproj", "{D0973A06-03AC-4C00-9689-B9A7F5CCF758}"
EndProject
Global
	GlobalSection(SolutionConfigurationPlatforms) = preSolution
		Debug|Any CPU = Debug|Any CPU
		Release|Any CPU = Release|Any CPU
	EndGlobalSection
	GlobalSection(ProjectConfigurationPlatforms) = postSolution
		{D0973A06-03AC-4C00-9689-B9A7F5CCF758}.Debug|Any CPU.ActiveCfg = Debug|Any CPU
		{D0973A06-03AC-4C00-9689-B9A7F5CCF758}.Debug|Any CPU.Build.0 = Debug|Any CPU
		{D0973A06-03AC-4C00-9689-B9A7F5CCF758}.Release|Any CPU.ActiveCfg = Release|Any CPU
		{D0973A06-03AC-4C00-9689-B9A7F5CCF758}.Release|Any CPU.Build.0 = Release|Any CPU
	EndGlobalSection
	GlobalSection(SolutionProperties) = preSolution
		HideSolutionNode = FALSE
	EndGlobalSection
	GlobalSection(ExtensibilityGlobals) = postSolution
		SolutionGuid = {66C2E683-3E59-43F4-87D8-F0821FF65C68}
	EndGlobalSection
EndGlobal
